
Microsoft Visual Studio Solution File, Format Version 12.00
# Visual Studio 15
VisualStudioVersion = 15.0.28307.1082
MinimumVisualStudioVersion = 10.0.40219.1
Project("{FAE04EC0-301F-11D3-BF4B-00C04F79EFBC}") = "Calculator", "Calculator.csproj", "{6D23E3B0-DD3E-45B9-BA3D-2BB427F0ACBC}"
EndProject
Global
	GlobalSection(SolutionConfigurationPlatforms) = preSolution
		Debug|Any CPU = Debug|Any CPU
		Release|Any CPU = Release|Any CPU
	EndGlobalSection
	GlobalSection(ProjectConfigurationPlatforms) = postSolution
		{6D23E3B0-DD3E-45B9-BA3D-2BB427F0ACBC}.Debug|Any CPU.ActiveCfg = Debug|Any CPU
		{6D23E3B0-DD3E-45B9-BA3D-2BB427F0ACBC}.Debug|Any CPU.Build.0 = Debug|Any CPU
		{6D23E3B0-DD3E-45B9-BA3D-2BB427F0ACBC}.Release|Any CPU.ActiveCfg = Release|Any CPU
		{6D23E3B0-DD3E-45B9-BA3D-2BB427F0ACBC}.Release|Any CPU.Build.0 = Release|Any CPU
	EndGlobalSection
	GlobalSection(SolutionProperties) = preSolution
		HideSolutionNode = FALSE
	EndGlobalSection
	GlobalSection(ExtensibilityGlobals) = postSolution
		SolutionGuid = {A40B9C68-8AF4-4BEF-B1CF-E388A1C6F07C}
	EndGlobalSection
EndGlobal
